
Microsoft Visual Studio Solution File, Format Version 12.00
# Visual Studio 15
VisualStudioVersion = 15.0.27703.2026
MinimumVisualStudioVersion = 10.0.40219.1
Project("{FAE04EC0-301F-11D3-BF4B-00C04F79EFBC}") = "Models", "Models\Models.csproj", "{81305BF5-BAE4-4CD8-B8D9-D601EBABA1D3}"
EndProject
Project("{FAE04EC0-301F-11D3-BF4B-00C04F79EFBC}") = "StockApp", "StockApp\StockApp.csproj", "{4A7B07E5-D372-4718-8838-7F344D228B41}"
EndProject
Global
	GlobalSection(SolutionConfigurationPlatforms) = preSolution
		Debug|Any CPU = Debug|Any CPU
		Release|Any CPU = Release|Any CPU
	EndGlobalSection
	GlobalSection(ProjectConfigurationPlatforms) = postSolution
		{81305BF5-BAE4-4CD8-B8D9-D601EBABA1D3}.Debug|Any CPU.ActiveCfg = Debug|Any CPU
		{81305BF5-BAE4-4CD8-B8D9-D601EBABA1D3}.Debug|Any CPU.Build.0 = Debug|Any CPU
		{81305BF5-BAE4-4CD8-B8D9-D601EBABA1D3}.Release|Any CPU.ActiveCfg = Release|Any CPU
		{81305BF5-BAE4-4CD8-B8D9-D601EBABA1D3}.Release|Any CPU.Build.0 = Release|Any CPU
		{4A7B07E5-D372-4718-8838-7F344D228B41}.Debug|Any CPU.ActiveCfg = Debug|Any CPU
		{4A7B07E5-D372-4718-8838-7F344D228B41}.Debug|Any CPU.Build.0 = Debug|Any CPU
		{4A7B07E5-D372-4718-8838-7F344D228B41}.Release|Any CPU.ActiveCfg = Release|Any CPU
		{4A7B07E5-D372-4718-8838-7F344D228B41}.Release|Any CPU.Build.0 = Release|Any CPU
	EndGlobalSection
	GlobalSection(SolutionProperties) = preSolution
		HideSolutionNode = FALSE
	EndGlobalSection
	GlobalSection(ExtensibilityGlobals) = postSolution
		SolutionGuid = {F49087F3-13D7-45C2-AE3A-647DB449CFCF}
	EndGlobalSection
EndGlobal
